{
  "name": "photoshop-cli-uxp-bridge",
  "version": "1.0.0",
  "lockfileVersion": 3,
  "requires": true,
  "packages": {
    "": {
      "name": "photoshop-cli-uxp-bridge",
      "version": "1.0.0",
      "devDependencies": {
        "@types/photoshop": "^24.0.0",
        "typescript": "^5.0.0"
      }
    },
    "node_modules/@types/photoshop": {
      "version": "24.5.1",
      "resolved": "https://registry.npmjs.org/@types/photoshop/-/photoshop-24.5.1.tgz",
      "integrity": "sha512-FY8Dy/HgfAL1TeDZyDTXgZIucAOSioOPSYf09PyEAxKE8QGLbcAKGUH1QliwwmlFgttyPhTqZdtgdYzpUbLYCg==",
      "dev": true,
      "license": "MIT"
    },
    "node_modules/typescript": {
      "version": "5.9.3",
      "resolved": "https://registry.npmjs.org/typescript/-/typescript-5.9.3.tgz",
      "integrity": "sha512-jl1vZzPDinLr9eUt3J/t7V6FgNEw9QjvBPdysz9KfQDD41fQrC2Y4vKQdiaUpFT4bXlb1RHhLpp8wtm6M5TgSw==",
      "dev": true,
      "license": "Apache-2.0",
      "bin": {
        "tsc": "bin/tsc",
        "tsserver": "bin/tsserver"
      },
      "engines": {
        "node": ">=14.17"
      }
    }
  }
}
